<?xml version="1.0" encoding="UTF-8"?>
<Scheme
   LastUpgradeVersion = "0830"
   version = "1.3">
   <BuildAction
      parallelizeBuildables = "YES"
      buildImplicitDependencies = "YES">
      <PreActions>
         <ExecutionAction
            ActionType = "Xcode.IDEStandardExecutionActionsCore.ExecutionActionType.ShellScriptAction">
            <ActionContent
               title = "Resolve MTEngineSDL capabilities"
               scriptText = "# Makes an IDE Build or Archive honour mtengine.caps instead of the&#10;# engine&apos;s defaults. Without it, Archive can ship libraries the&#10;# manifest turns off.&#10;#&#10;# Writes an xcconfig OUTSIDE every checkout, which the tracked&#10;# xcconfigs pick up with #include?. A pre-action&apos;s write takes&#10;# effect in the SAME build (measured).&#10;&quot;$PROJECT_DIR&quot;/../../../MTEngineSDL/tools/mtcaps/xcode-preaction.sh &quot;$PROJECT_DIR/../..&quot; &quot;c64d&quot;&#10;">
               <EnvironmentBuildable>
                  <BuildableReference
                     BuildableIdentifier = "primary"
                     BlueprintIdentifier = "41C84A1823C61751007C0889"
                     BuildableName = "Retro Debugger.app"
                     BlueprintName = "Retro Debugger"
                     ReferencedContainer = "container:c64d.xcodeproj">
                  </BuildableReference>
               </EnvironmentBuildable>
            </ActionContent>
         </ExecutionAction>
      </PreActions>
      <PostActions>
         <ExecutionAction
            ActionType = "Xcode.IDEStandardExecutionActionsCore.ExecutionActionType.ShellScriptAction">
            <ActionContent
               title = "Release MTEngineSDL build lock"
               scriptText = "# Releases the build lock the pre-action took. Without this the lock is&#10;# held until a liveness probe frees it, and the shared engine xcconfig&#10;# is never cleaned up -- which breaks a standalone engine build.&#10;&quot;$PROJECT_DIR&quot;/../../../MTEngineSDL/tools/mtcaps/xcode-postaction.sh &quot;c64d&quot;&#10;">
               <EnvironmentBuildable>
                  <BuildableReference
                  BuildableIdentifier = "primary"
                  BlueprintIdentifier = "41C84A1823C61751007C0889"
                  BuildableName = "Retro Debugger.app"
                  BlueprintName = "Retro Debugger"
                  ReferencedContainer = "container:c64d.xcodeproj">
                  </BuildableReference>
               </EnvironmentBuildable>
            </ActionContent>
         </ExecutionAction>
      </PostActions>
      <BuildActionEntries>
         <BuildActionEntry
            buildForTesting = "YES"
            buildForRunning = "YES"
            buildForProfiling = "YES"
            buildForArchiving = "YES"
            buildForAnalyzing = "YES">
            <BuildableReference
               BuildableIdentifier = "primary"
               BlueprintIdentifier = "41C84A1823C61751007C0889"
               BuildableName = "Retro Debugger.app"
               BlueprintName = "Retro Debugger"
               ReferencedContainer = "container:c64d.xcodeproj">
            </BuildableReference>
         </BuildActionEntry>
      </BuildActionEntries>
   </BuildAction>
   <TestAction
      buildConfiguration = "Debug"
      selectedDebuggerIdentifier = "Xcode.DebuggerFoundation.Debugger.LLDB"
      selectedLauncherIdentifier = "Xcode.DebuggerFoundation.Launcher.LLDB"
      shouldUseLaunchSchemeArgsEnv = "YES">
      <MacroExpansion>
         <BuildableReference
            BuildableIdentifier = "primary"
            BlueprintIdentifier = "41C84A1823C61751007C0889"
            BuildableName = "Retro Debugger.app"
            BlueprintName = "Retro Debugger"
            ReferencedContainer = "container:c64d.xcodeproj">
         </BuildableReference>
      </MacroExpansion>
      <Testables>
      </Testables>
   </TestAction>
   <LaunchAction
      buildConfiguration = "Release"
      selectedDebuggerIdentifier = "Xcode.DebuggerFoundation.Debugger.LLDB"
      selectedLauncherIdentifier = "Xcode.DebuggerFoundation.Launcher.LLDB"
      enableASanStackUseAfterReturn = "YES"
      disableMainThreadChecker = "YES"
      launchStyle = "0"
      useCustomWorkingDirectory = "YES"
      customWorkingDirectory = "$(SRCROOT)/../.."
      ignoresPersistentStateOnLaunch = "NO"
      debugDocumentVersioning = "YES"
      debugServiceExtension = "internal"
      enableGPUValidationMode = "1"
      allowLocationSimulation = "YES"
      disablePerformanceAntipatternChecker = "YES">
      <BuildableProductRunnable
         runnableDebuggingMode = "0">
         <BuildableReference
            BuildableIdentifier = "primary"
            BlueprintIdentifier = "41C84A1823C61751007C0889"
            BuildableName = "Retro Debugger.app"
            BlueprintName = "Retro Debugger"
            ReferencedContainer = "container:c64d.xcodeproj">
         </BuildableReference>
      </BuildableProductRunnable>
      <CommandLineArguments>
         <CommandLineArgument
            argument = "/Users/mars/develop/MTEngine/_RUNTIME_/Documents/c64/disks/demos/crest\ -\ BluREU_3D/BluREU\ 3D.prg"
            isEnabled = "NO">
         </CommandLineArgument>
         <CommandLineArgument
            argument = "-reu"
            isEnabled = "NO">
         </CommandLineArgument>
         <CommandLineArgument
            argument = "/Users/mars/Downloads/out.reu"
            isEnabled = "NO">
         </CommandLineArgument>
         <CommandLineArgument
            argument = "-crtmaker"
            isEnabled = "NO">
         </CommandLineArgument>
         <CommandLineArgument
            argument = "/Users/mars/develop/lukhash/cfg-macos.hjson"
            isEnabled = "NO">
         </CommandLineArgument>
         <CommandLineArgument
            argument = "-wait 3000"
            isEnabled = "NO">
         </CommandLineArgument>
         <CommandLineArgument
            argument = "-autojmp"
            isEnabled = "NO">
         </CommandLineArgument>
         <CommandLineArgument
            argument = "-prg /Users/mars/develop/MTEngine/tools/_other/c64/KickAss/Examples/MusicIrq/MusicIrq.prg"
            isEnabled = "NO">
         </CommandLineArgument>
         <CommandLineArgument
            argument = "-symbols /Users/mars/Kickass_Output/zzstart.sym"
            isEnabled = "NO">
         </CommandLineArgument>
      </CommandLineArguments>
      <EnvironmentVariables>
         <EnvironmentVariable
            key = "OS_ACTIVITY_DT_MODE"
            value = "1"
            isEnabled = "YES">
         </EnvironmentVariable>
      </EnvironmentVariables>
   </LaunchAction>
   <ProfileAction
      buildConfiguration = "Release"
      shouldUseLaunchSchemeArgsEnv = "YES"
      savedToolIdentifier = ""
      useCustomWorkingDirectory = "YES"
      customWorkingDirectory = "$(SRCROOT)/../.."
      debugDocumentVersioning = "YES">
      <BuildableProductRunnable
         runnableDebuggingMode = "0">
         <BuildableReference
            BuildableIdentifier = "primary"
            BlueprintIdentifier = "41C84A1823C61751007C0889"
            BuildableName = "Retro Debugger.app"
            BlueprintName = "Retro Debugger"
            ReferencedContainer = "container:c64d.xcodeproj">
         </BuildableReference>
      </BuildableProductRunnable>
   </ProfileAction>
   <AnalyzeAction
      buildConfiguration = "Debug">
   </AnalyzeAction>
   <ArchiveAction
      buildConfiguration = "Release"
      revealArchiveInOrganizer = "YES">
   </ArchiveAction>
</Scheme>
